{
  "nodes": {
    "nixpkgs": {
      "locked": {
        "lastModified": 1777420606,
        "narHash": "sha256-itOq+vK/v4byS1qMN/hFtFLobSiKCDHNkc+FrI3d1UM=",
        "owner": "NixOS",
        "repo": "nixpkgs",
        "rev": "e08e7758ce21cf0275feb85d7082433f2f0ce41e",
        "type": "github"
      },
      "original": {
        "owner": "NixOS",
        "repo": "nixpkgs",
        "type": "github"
      }
    },
    "root": {
      "inputs": {
        "nixpkgs": "nixpkgs"
      }
    }
  },
  "root": "root",
  "version": 7
}
