{
  "nodes": {
    "nixpkgs": {
      "locked": {
        "lastModified": 1777553588,
        "narHash": "sha256-Vw9JhV8c5Kb1dmaN5J90dCVxKItcCiO9XT11Qy7iktg=",
        "owner": "NixOS",
        "repo": "nixpkgs",
        "rev": "2be1a0aad2f11c2582b2da843abbaf3678ea09e9",
        "type": "github"
      },
      "original": {
        "owner": "NixOS",
        "repo": "nixpkgs",
        "type": "github"
      }
    },
    "root": {
      "inputs": {
        "nixpkgs": "nixpkgs"
      }
    }
  },
  "root": "root",
  "version": 7
}
